
Microsoft Visual Studio Solution File, Format Version 12.00
# Visual Studio Version 17
VisualStudioVersion = 17.5.2.0
MinimumVisualStudioVersion = 10.0.40219.1
Project("{FAE04EC0-301F-11D3-BF4B-00C04F79EFBC}") = "API", "API\API.csproj", "{CBFA08EA-AECE-205F-7B85-326FD0B81BAD}"
EndProject
Project("{FAE04EC0-301F-11D3-BF4B-00C04F79EFBC}") = "API.Tests", "API.Tests\API.Tests.csproj", "{A4A284D6-E227-4F68-94E7-301D5EDF053C}"
EndProject
Global
	GlobalSection(SolutionConfigurationPlatforms) = preSolution
		Debug|Any CPU = Debug|Any CPU
		Debug|x64 = Debug|x64
		Debug|x86 = Debug|x86
		Release|Any CPU = Release|Any CPU
		Release|x64 = Release|x64
		Release|x86 = Release|x86
	EndGlobalSection
	GlobalSection(ProjectConfigurationPlatforms) = postSolution
		{CBFA08EA-AECE-205F-7B85-326FD0B81BAD}.Debug|Any CPU.ActiveCfg = Debug|Any CPU
		{CBFA08EA-AECE-205F-7B85-326FD0B81BAD}.Debug|Any CPU.Build.0 = Debug|Any CPU
		{CBFA08EA-AECE-205F-7B85-326FD0B81BAD}.Debug|x64.ActiveCfg = Debug|Any CPU
		{CBFA08EA-AECE-205F-7B85-326FD0B81BAD}.Debug|x64.Build.0 = Debug|Any CPU
		{CBFA08EA-AECE-205F-7B85-326FD0B81BAD}.Debug|x86.ActiveCfg = Debug|Any CPU
		{CBFA08EA-AECE-205F-7B85-326FD0B81BAD}.Debug|x86.Build.0 = Debug|Any CPU
		{CBFA08EA-AECE-205F-7B85-326FD0B81BAD}.Release|Any CPU.ActiveCfg = Release|Any CPU
		{CBFA08EA-AECE-205F-7B85-326FD0B81BAD}.Release|Any CPU.Build.0 = Release|Any CPU
		{CBFA08EA-AECE-205F-7B85-326FD0B81BAD}.Release|x64.ActiveCfg = Release|Any CPU
		{CBFA08EA-AECE-205F-7B85-326FD0B81BAD}.Release|x64.Build.0 = Release|Any CPU
		{CBFA08EA-AECE-205F-7B85-326FD0B81BAD}.Release|x86.ActiveCfg = Release|Any CPU
		{CBFA08EA-AECE-205F-7B85-326FD0B81BAD}.Release|x86.Build.0 = Release|Any CPU
		{A4A284D6-E227-4F68-94E7-301D5EDF053C}.Debug|Any CPU.ActiveCfg = Debug|Any CPU
		{A4A284D6-E227-4F68-94E7-301D5EDF053C}.Debug|Any CPU.Build.0 = Debug|Any CPU
		{A4A284D6-E227-4F68-94E7-301D5EDF053C}.Debug|x64.ActiveCfg = Debug|Any CPU
		{A4A284D6-E227-4F68-94E7-301D5EDF053C}.Debug|x64.Build.0 = Debug|Any CPU
		{A4A284D6-E227-4F68-94E7-301D5EDF053C}.Debug|x86.ActiveCfg = Debug|Any CPU
		{A4A284D6-E227-4F68-94E7-301D5EDF053C}.Debug|x86.Build.0 = Debug|Any CPU
		{A4A284D6-E227-4F68-94E7-301D5EDF053C}.Release|Any CPU.ActiveCfg = Release|Any CPU
		{A4A284D6-E227-4F68-94E7-301D5EDF053C}.Release|Any CPU.Build.0 = Release|Any CPU
		{A4A284D6-E227-4F68-94E7-301D5EDF053C}.Release|x64.ActiveCfg = Release|Any CPU
		{A4A284D6-E227-4F68-94E7-301D5EDF053C}.Release|x64.Build.0 = Release|Any CPU
		{A4A284D6-E227-4F68-94E7-301D5EDF053C}.Release|x86.ActiveCfg = Release|Any CPU
		{A4A284D6-E227-4F68-94E7-301D5EDF053C}.Release|x86.Build.0 = Release|Any CPU
	EndGlobalSection
	GlobalSection(SolutionProperties) = preSolution
		HideSolutionNode = FALSE
	EndGlobalSection
	GlobalSection(ExtensibilityGlobals) = postSolution
		SolutionGuid = {FF994715-FFD2-4BC3-8404-E3EBBD7B0B3B}
	EndGlobalSection
EndGlobal
